
Microsoft Visual Studio Solution File, Format Version 12.00
# Visual Studio 15
VisualStudioVersion = 15.0.27130.2003
MinimumVisualStudioVersion = 10.0.40219.1
Project("{FAE04EC0-301F-11D3-BF4B-00C04F79EFBC}") = "ParseJSON", "ParseJSON\ParseJSON.csproj", "{C36D58E7-444B-4528-BF21-EDF772324A05}"
EndProject
Global
	GlobalSection(SolutionConfigurationPlatforms) = preSolution
		Debug|Any CPU = Debug|Any CPU
		Release|Any CPU = Release|Any CPU
	EndGlobalSection
	GlobalSection(ProjectConfigurationPlatforms) = postSolution
		{C36D58E7-444B-4528-BF21-EDF772324A05}.Debug|Any CPU.ActiveCfg = Debug|Any CPU
		{C36D58E7-444B-4528-BF21-EDF772324A05}.Debug|Any CPU.Build.0 = Debug|Any CPU
		{C36D58E7-444B-4528-BF21-EDF772324A05}.Release|Any CPU.ActiveCfg = Release|Any CPU
		{C36D58E7-444B-4528-BF21-EDF772324A05}.Release|Any CPU.Build.0 = Release|Any CPU
	EndGlobalSection
	GlobalSection(SolutionProperties) = preSolution
		HideSolutionNode = FALSE
	EndGlobalSection
	GlobalSection(ExtensibilityGlobals) = postSolution
		SolutionGuid = {D80162D2-44F6-4BEE-969D-DF902CAFEEC6}
	EndGlobalSection
EndGlobal
